
Microsoft Visual Studio Solution File, Format Version 12.00
# Visual Studio Version 17
VisualStudioVersion = 17.5.002.0
MinimumVisualStudioVersion = 10.0.40219.1
Project("{9A19103F-16F7-4668-BE54-9A1E7A4F7556}") = "WHPlugin", "WHPlugin.csproj", "{FC708A5A-CD50-4945-B2AF-DAD3B4151F64}"
EndProject
Global
	GlobalSection(SolutionConfigurationPlatforms) = preSolution
		Debug|Any CPU = Debug|Any CPU
		Release|Any CPU = Release|Any CPU
	EndGlobalSection
	GlobalSection(ProjectConfigurationPlatforms) = postSolution
		{FC708A5A-CD50-4945-B2AF-DAD3B4151F64}.Debug|Any CPU.ActiveCfg = Debug|Any CPU
		{FC708A5A-CD50-4945-B2AF-DAD3B4151F64}.Debug|Any CPU.Build.0 = Debug|Any CPU
		{FC708A5A-CD50-4945-B2AF-DAD3B4151F64}.Release|Any CPU.ActiveCfg = Release|Any CPU
		{FC708A5A-CD50-4945-B2AF-DAD3B4151F64}.Release|Any CPU.Build.0 = Release|Any CPU
	EndGlobalSection
	GlobalSection(SolutionProperties) = preSolution
		HideSolutionNode = FALSE
	EndGlobalSection
	GlobalSection(ExtensibilityGlobals) = postSolution
		SolutionGuid = {DE629A13-6C63-4D00-814D-EBD3D796ED74}
	EndGlobalSection
EndGlobal
